
Microsoft Visual Studio Solution File, Format Version 12.00
# Visual Studio Version 16
VisualStudioVersion = 16.0.31911.196
MinimumVisualStudioVersion = 10.0.40219.1
Project("{FAE04EC0-301F-11D3-BF4B-00C04F79EFBC}") = "ServerSocket1", "ServerSocket1\ServerSocket1.csproj", "{E80520D8-E046-4789-A67D-CF84237F942D}"
EndProject
Global
	GlobalSection(SolutionConfigurationPlatforms) = preSolution
		Debug|Any CPU = Debug|Any CPU
		Release|Any CPU = Release|Any CPU
	EndGlobalSection
	GlobalSection(ProjectConfigurationPlatforms) = postSolution
		{E80520D8-E046-4789-A67D-CF84237F942D}.Debug|Any CPU.ActiveCfg = Debug|Any CPU
		{E80520D8-E046-4789-A67D-CF84237F942D}.Debug|Any CPU.Build.0 = Debug|Any CPU
		{E80520D8-E046-4789-A67D-CF84237F942D}.Release|Any CPU.ActiveCfg = Release|Any CPU
		{E80520D8-E046-4789-A67D-CF84237F942D}.Release|Any CPU.Build.0 = Release|Any CPU
	EndGlobalSection
	GlobalSection(SolutionProperties) = preSolution
		HideSolutionNode = FALSE
	EndGlobalSection
	GlobalSection(ExtensibilityGlobals) = postSolution
		SolutionGuid = {C210D491-806F-4041-998F-D68BFB01A085}
	EndGlobalSection
EndGlobal
